
Microsoft Visual Studio Solution File, Format Version 12.00
# Visual Studio Version 17
VisualStudioVersion = 17.12.35707.178
MinimumVisualStudioVersion = 10.0.40219.1
Project("{FAE04EC0-301F-11D3-BF4B-00C04F79EFBC}") = "IFMS", "IFMS\IFMS.csproj", "{987ED61C-4C25-42EC-A034-FBAB3CCE98A8}"
EndProject
Project("{E53339B2-1760-4266-BCC7-CA923CBCF16C}") = "docker-compose", "docker-compose.dcproj", "{27535EE0-1B98-4A80-875C-D9506F649DE4}"
EndProject
Project("{2150E333-8FDC-42A3-9474-1A3956D46DE8}") = "src", "src", "{49A827C7-456E-4A13-A081-7CEF9EEBFF79}"
EndProject
Project("{FAE04EC0-301F-11D3-BF4B-00C04F79EFBC}") = "Application", "Application\Application.csproj", "{78970DAE-2644-4656-A99B-2D510C0A5B51}"
EndProject
Project("{FAE04EC0-301F-11D3-BF4B-00C04F79EFBC}") = "Domain", "Domain\Domain.csproj", "{15113BA0-0930-4778-8A5D-2B607512159F}"
EndProject
Project("{FAE04EC0-301F-11D3-BF4B-00C04F79EFBC}") = "Infrastructure", "Infrastructure\Infrastructure.csproj", "{3BD7CEDF-06F3-42E1-B393-296CA200233C}"
EndProject
Project("{54A90642-561A-4BB1-A94E-469ADEE60C69}") = "frontend", "frontend\frontend.esproj", "{8AF3BA06-4C6A-414B-B60C-2B0CF85229FD}"
EndProject
Global
	GlobalSection(SolutionConfigurationPlatforms) = preSolution
		Debug|Any CPU = Debug|Any CPU
		Release|Any CPU = Release|Any CPU
	EndGlobalSection
	GlobalSection(ProjectConfigurationPlatforms) = postSolution
		{987ED61C-4C25-42EC-A034-FBAB3CCE98A8}.Debug|Any CPU.ActiveCfg = Debug|Any CPU
		{987ED61C-4C25-42EC-A034-FBAB3CCE98A8}.Debug|Any CPU.Build.0 = Debug|Any CPU
		{987ED61C-4C25-42EC-A034-FBAB3CCE98A8}.Release|Any CPU.ActiveCfg = Release|Any CPU
		{987ED61C-4C25-42EC-A034-FBAB3CCE98A8}.Release|Any CPU.Build.0 = Release|Any CPU
		{27535EE0-1B98-4A80-875C-D9506F649DE4}.Debug|Any CPU.ActiveCfg = Debug|Any CPU
		{27535EE0-1B98-4A80-875C-D9506F649DE4}.Debug|Any CPU.Build.0 = Debug|Any CPU
		{27535EE0-1B98-4A80-875C-D9506F649DE4}.Release|Any CPU.ActiveCfg = Release|Any CPU
		{27535EE0-1B98-4A80-875C-D9506F649DE4}.Release|Any CPU.Build.0 = Release|Any CPU
		{78970DAE-2644-4656-A99B-2D510C0A5B51}.Debug|Any CPU.ActiveCfg = Debug|Any CPU
		{78970DAE-2644-4656-A99B-2D510C0A5B51}.Debug|Any CPU.Build.0 = Debug|Any CPU
		{78970DAE-2644-4656-A99B-2D510C0A5B51}.Release|Any CPU.ActiveCfg = Release|Any CPU
		{78970DAE-2644-4656-A99B-2D510C0A5B51}.Release|Any CPU.Build.0 = Release|Any CPU
		{15113BA0-0930-4778-8A5D-2B607512159F}.Debug|Any CPU.ActiveCfg = Debug|Any CPU
		{15113BA0-0930-4778-8A5D-2B607512159F}.Debug|Any CPU.Build.0 = Debug|Any CPU
		{15113BA0-0930-4778-8A5D-2B607512159F}.Release|Any CPU.ActiveCfg = Release|Any CPU
		{15113BA0-0930-4778-8A5D-2B607512159F}.Release|Any CPU.Build.0 = Release|Any CPU
		{3BD7CEDF-06F3-42E1-B393-296CA200233C}.Debug|Any CPU.ActiveCfg = Debug|Any CPU
		{3BD7CEDF-06F3-42E1-B393-296CA200233C}.Debug|Any CPU.Build.0 = Debug|Any CPU
		{3BD7CEDF-06F3-42E1-B393-296CA200233C}.Release|Any CPU.ActiveCfg = Release|Any CPU
		{3BD7CEDF-06F3-42E1-B393-296CA200233C}.Release|Any CPU.Build.0 = Release|Any CPU
		{8AF3BA06-4C6A-414B-B60C-2B0CF85229FD}.Debug|Any CPU.ActiveCfg = Debug|Any CPU
		{8AF3BA06-4C6A-414B-B60C-2B0CF85229FD}.Debug|Any CPU.Build.0 = Debug|Any CPU
		{8AF3BA06-4C6A-414B-B60C-2B0CF85229FD}.Debug|Any CPU.Deploy.0 = Debug|Any CPU
		{8AF3BA06-4C6A-414B-B60C-2B0CF85229FD}.Release|Any CPU.ActiveCfg = Release|Any CPU
		{8AF3BA06-4C6A-414B-B60C-2B0CF85229FD}.Release|Any CPU.Build.0 = Release|Any CPU
		{8AF3BA06-4C6A-414B-B60C-2B0CF85229FD}.Release|Any CPU.Deploy.0 = Release|Any CPU
	EndGlobalSection
	GlobalSection(SolutionProperties) = preSolution
		HideSolutionNode = FALSE
	EndGlobalSection
	GlobalSection(NestedProjects) = preSolution
		{987ED61C-4C25-42EC-A034-FBAB3CCE98A8} = {49A827C7-456E-4A13-A081-7CEF9EEBFF79}
		{27535EE0-1B98-4A80-875C-D9506F649DE4} = {49A827C7-456E-4A13-A081-7CEF9EEBFF79}
		{78970DAE-2644-4656-A99B-2D510C0A5B51} = {49A827C7-456E-4A13-A081-7CEF9EEBFF79}
		{15113BA0-0930-4778-8A5D-2B607512159F} = {49A827C7-456E-4A13-A081-7CEF9EEBFF79}
		{3BD7CEDF-06F3-42E1-B393-296CA200233C} = {49A827C7-456E-4A13-A081-7CEF9EEBFF79}
		{8AF3BA06-4C6A-414B-B60C-2B0CF85229FD} = {49A827C7-456E-4A13-A081-7CEF9EEBFF79}
	EndGlobalSection
EndGlobal
